
Microsoft Visual Studio Solution File, Format Version 12.00
# Visual Studio Version 16
VisualStudioVersion = 16.0.30503.244
MinimumVisualStudioVersion = 10.0.40219.1
Project("{2150E333-8FDC-42A3-9474-1A3956D46DE8}") = "src", "src", "{EC47DFB9-AB39-41F8-BD7C-7B25BBCDEBD1}"
EndProject
Project("{2150E333-8FDC-42A3-9474-1A3956D46DE8}") = "tests", "tests", "{727F95F9-8FD9-423C-ACC6-B23E0D6CCC4C}"
EndProject
Project("{9A19103F-16F7-4668-BE54-9A1E7A4F7556}") = "TestApp", "tests\TestApp\TestApp.csproj", "{4C92B1B9-CE3E-458D-8CBA-359A473E1DBF}"
EndProject
Project("{9A19103F-16F7-4668-BE54-9A1E7A4F7556}") = "Couchbase.Extensions.Caching", "src\Couchbase.Extensions.Caching\Couchbase.Extensions.Caching.csproj", "{700D3F0E-DD70-43CD-9B35-ED12042051D0}"
EndProject
Project("{9A19103F-16F7-4668-BE54-9A1E7A4F7556}") = "Couchbase.Extensions.Session", "src\Couchbase.Extensions.Session\Couchbase.Extensions.Session.csproj", "{66C1DB94-69F2-4202-BB49-A112915FD932}"
EndProject
Project("{9A19103F-16F7-4668-BE54-9A1E7A4F7556}") = "Couchbase.Extensions.Caching.IntegrationTests", "tests\Couchbase.Extensions.Caching.IntegrationTests\Couchbase.Extensions.Caching.IntegrationTests.csproj", "{1F91B9B9-DF56-4F73-B593-B080272B620D}"
EndProject
Project("{9A19103F-16F7-4668-BE54-9A1E7A4F7556}") = "Couchbase.Extensions.Caching.UnitTests", "tests\Couchbase.Extensions.Caching.UnitTests\Couchbase.Extensions.Caching.UnitTests.csproj", "{DC727A08-3988-4B71-8362-1F7870B87157}"
EndProject
Project("{9A19103F-16F7-4668-BE54-9A1E7A4F7556}") = "Couchbase.Extensions.Session.UnitTests", "tests\Couchbase.Extensions.Session.UnitTests\Couchbase.Extensions.Session.UnitTests.csproj", "{14E1822C-F365-48FF-B265-7D679607872E}"
EndProject
Project("{2150E333-8FDC-42A3-9474-1A3956D46DE8}") = "docs", "docs", "{3C4744F1-A4B6-46A1-95FB-14B7B4CDB181}"
	ProjectSection(SolutionItems) = preProject
		docs\caching.md = docs\caching.md
		docs\dependency-injection.md = docs\dependency-injection.md
		docs\dns-srv.md = docs\dns-srv.md
		encryption.md = encryption.md
		docs\session.md = docs\session.md
	EndProjectSection
EndProject
Project("{9A19103F-16F7-4668-BE54-9A1E7A4F7556}") = "Couchbase.Extensions.Identity", "src\Couchbase.Extensions.Identity\Couchbase.Extensions.Identity.csproj", "{68E6BEC6-B0F9-420E-9477-C175CCD54DF7}"
EndProject
Project("{9A19103F-16F7-4668-BE54-9A1E7A4F7556}") = "Couchbase.Extensions.IdentityUnitTests", "tests\Couchbase.Extensions.IdentityUnitTests\Couchbase.Extensions.IdentityUnitTests.csproj", "{10C4D39D-F384-4E57-8F1A-146DF0D718EF}"
EndProject
Project("{2150E333-8FDC-42A3-9474-1A3956D46DE8}") = "examples", "examples", "{58E7557B-D434-402A-9B6B-0DBE59E8DF3B}"
EndProject
Project("{9A19103F-16F7-4668-BE54-9A1E7A4F7556}") = "Couchbase.Extensions.Identity.Example", "example\Couchbase.Extensions.Identity.Example\Couchbase.Extensions.Identity.Example.csproj", "{C603698C-CBD8-4B07-A43C-37F507D925C9}"
EndProject
Project("{9A19103F-16F7-4668-BE54-9A1E7A4F7556}") = "Couchbase.Extensions.Locks", "src\Couchbase.Extensions.Locks\Couchbase.Extensions.Locks.csproj", "{AB7D1460-4C72-45FA-8939-38C32C905AE8}"
EndProject
Project("{9A19103F-16F7-4668-BE54-9A1E7A4F7556}") = "Couchbase.Extensions.Locks.UnitTests", "tests\Couchbase.Extensions.Locks.UnitTests\Couchbase.Extensions.Locks.UnitTests.csproj", "{2EB84E99-15FC-4A7E-B42D-E45BB0A8D198}"
EndProject
Project("{9A19103F-16F7-4668-BE54-9A1E7A4F7556}") = "Couchbase.Extensions.Locks.Example", "example\Couchbase.Extensions.Locks.Example\Couchbase.Extensions.Locks.Example.csproj", "{5E042A12-E803-494C-B90C-6DF048AF73BD}"
EndProject
Project("{9A19103F-16F7-4668-BE54-9A1E7A4F7556}") = "Couchbase.Extensions.Compression.Snappier", "src\Couchbase.Extensions.Compression.Snappier\Couchbase.Extensions.Compression.Snappier.csproj", "{06FA9ED5-00FA-4969-A983-B73B3C5A91CB}"
EndProject
Project("{FAE04EC0-301F-11D3-BF4B-00C04F79EFBC}") = "Couchbase.Extensions.Compression.Snappier.IntegrationTests", "tests\Couchbase.Extensions.Compression.Snappier.IntegrationTests\Couchbase.Extensions.Compression.Snappier.IntegrationTests.csproj", "{5AA07C99-EC7E-442D-A3EE-B8A373E0C278}"
EndProject
Global
	GlobalSection(SolutionConfigurationPlatforms) = preSolution
		Debug|Any CPU = Debug|Any CPU
		Release|Any CPU = Release|Any CPU
	EndGlobalSection
	GlobalSection(ProjectConfigurationPlatforms) = postSolution
		{4C92B1B9-CE3E-458D-8CBA-359A473E1DBF}.Debug|Any CPU.ActiveCfg = Debug|Any CPU
		{4C92B1B9-CE3E-458D-8CBA-359A473E1DBF}.Debug|Any CPU.Build.0 = Debug|Any CPU
		{4C92B1B9-CE3E-458D-8CBA-359A473E1DBF}.Release|Any CPU.ActiveCfg = Release|Any CPU
		{4C92B1B9-CE3E-458D-8CBA-359A473E1DBF}.Release|Any CPU.Build.0 = Release|Any CPU
		{700D3F0E-DD70-43CD-9B35-ED12042051D0}.Debug|Any CPU.ActiveCfg = Debug|Any CPU
		{700D3F0E-DD70-43CD-9B35-ED12042051D0}.Debug|Any CPU.Build.0 = Debug|Any CPU
		{700D3F0E-DD70-43CD-9B35-ED12042051D0}.Release|Any CPU.ActiveCfg = Release|Any CPU
		{700D3F0E-DD70-43CD-9B35-ED12042051D0}.Release|Any CPU.Build.0 = Release|Any CPU
		{66C1DB94-69F2-4202-BB49-A112915FD932}.Debug|Any CPU.ActiveCfg = Debug|Any CPU
		{66C1DB94-69F2-4202-BB49-A112915FD932}.Debug|Any CPU.Build.0 = Debug|Any CPU
		{66C1DB94-69F2-4202-BB49-A112915FD932}.Release|Any CPU.ActiveCfg = Release|Any CPU
		{66C1DB94-69F2-4202-BB49-A112915FD932}.Release|Any CPU.Build.0 = Release|Any CPU
		{1F91B9B9-DF56-4F73-B593-B080272B620D}.Debug|Any CPU.ActiveCfg = Debug|Any CPU
		{1F91B9B9-DF56-4F73-B593-B080272B620D}.Debug|Any CPU.Build.0 = Debug|Any CPU
		{1F91B9B9-DF56-4F73-B593-B080272B620D}.Release|Any CPU.ActiveCfg = Release|Any CPU
		{1F91B9B9-DF56-4F73-B593-B080272B620D}.Release|Any CPU.Build.0 = Release|Any CPU
		{DC727A08-3988-4B71-8362-1F7870B87157}.Debug|Any CPU.ActiveCfg = Debug|Any CPU
		{DC727A08-3988-4B71-8362-1F7870B87157}.Debug|Any CPU.Build.0 = Debug|Any CPU
		{DC727A08-3988-4B71-8362-1F7870B87157}.Release|Any CPU.ActiveCfg = Release|Any CPU
		{DC727A08-3988-4B71-8362-1F7870B87157}.Release|Any CPU.Build.0 = Release|Any CPU
		{14E1822C-F365-48FF-B265-7D679607872E}.Debug|Any CPU.ActiveCfg = Debug|Any CPU
		{14E1822C-F365-48FF-B265-7D679607872E}.Debug|Any CPU.Build.0 = Debug|Any CPU
		{14E1822C-F365-48FF-B265-7D679607872E}.Release|Any CPU.ActiveCfg = Release|Any CPU
		{14E1822C-F365-48FF-B265-7D679607872E}.Release|Any CPU.Build.0 = Release|Any CPU
		{68E6BEC6-B0F9-420E-9477-C175CCD54DF7}.Debug|Any CPU.ActiveCfg = Debug|Any CPU
		{68E6BEC6-B0F9-420E-9477-C175CCD54DF7}.Debug|Any CPU.Build.0 = Debug|Any CPU
		{68E6BEC6-B0F9-420E-9477-C175CCD54DF7}.Release|Any CPU.ActiveCfg = Release|Any CPU
		{68E6BEC6-B0F9-420E-9477-C175CCD54DF7}.Release|Any CPU.Build.0 = Release|Any CPU
		{10C4D39D-F384-4E57-8F1A-146DF0D718EF}.Debug|Any CPU.ActiveCfg = Debug|Any CPU
		{10C4D39D-F384-4E57-8F1A-146DF0D718EF}.Debug|Any CPU.Build.0 = Debug|Any CPU
		{10C4D39D-F384-4E57-8F1A-146DF0D718EF}.Release|Any CPU.ActiveCfg = Release|Any CPU
		{10C4D39D-F384-4E57-8F1A-146DF0D718EF}.Release|Any CPU.Build.0 = Release|Any CPU
		{C603698C-CBD8-4B07-A43C-37F507D925C9}.Debug|Any CPU.ActiveCfg = Debug|Any CPU
		{C603698C-CBD8-4B07-A43C-37F507D925C9}.Debug|Any CPU.Build.0 = Debug|Any CPU
		{C603698C-CBD8-4B07-A43C-37F507D925C9}.Release|Any CPU.ActiveCfg = Release|Any CPU
		{C603698C-CBD8-4B07-A43C-37F507D925C9}.Release|Any CPU.Build.0 = Release|Any CPU
		{AB7D1460-4C72-45FA-8939-38C32C905AE8}.Debug|Any CPU.ActiveCfg = Debug|Any CPU
		{AB7D1460-4C72-45FA-8939-38C32C905AE8}.Debug|Any CPU.Build.0 = Debug|Any CPU
		{AB7D1460-4C72-45FA-8939-38C32C905AE8}.Release|Any CPU.ActiveCfg = Release|Any CPU
		{AB7D1460-4C72-45FA-8939-38C32C905AE8}.Release|Any CPU.Build.0 = Release|Any CPU
		{2EB84E99-15FC-4A7E-B42D-E45BB0A8D198}.Debug|Any CPU.ActiveCfg = Debug|Any CPU
		{2EB84E99-15FC-4A7E-B42D-E45BB0A8D198}.Debug|Any CPU.Build.0 = Debug|Any CPU
		{2EB84E99-15FC-4A7E-B42D-E45BB0A8D198}.Release|Any CPU.ActiveCfg = Release|Any CPU
		{2EB84E99-15FC-4A7E-B42D-E45BB0A8D198}.Release|Any CPU.Build.0 = Release|Any CPU
		{5E042A12-E803-494C-B90C-6DF048AF73BD}.Debug|Any CPU.ActiveCfg = Debug|Any CPU
		{5E042A12-E803-494C-B90C-6DF048AF73BD}.Debug|Any CPU.Build.0 = Debug|Any CPU
		{5E042A12-E803-494C-B90C-6DF048AF73BD}.Release|Any CPU.ActiveCfg = Release|Any CPU
		{5E042A12-E803-494C-B90C-6DF048AF73BD}.Release|Any CPU.Build.0 = Release|Any CPU
		{06FA9ED5-00FA-4969-A983-B73B3C5A91CB}.Debug|Any CPU.ActiveCfg = Debug|Any CPU
		{06FA9ED5-00FA-4969-A983-B73B3C5A91CB}.Debug|Any CPU.Build.0 = Debug|Any CPU
		{06FA9ED5-00FA-4969-A983-B73B3C5A91CB}.Release|Any CPU.ActiveCfg = Release|Any CPU
		{06FA9ED5-00FA-4969-A983-B73B3C5A91CB}.Release|Any CPU.Build.0 = Release|Any CPU
		{5AA07C99-EC7E-442D-A3EE-B8A373E0C278}.Debug|Any CPU.ActiveCfg = Debug|Any CPU
		{5AA07C99-EC7E-442D-A3EE-B8A373E0C278}.Debug|Any CPU.Build.0 = Debug|Any CPU
		{5AA07C99-EC7E-442D-A3EE-B8A373E0C278}.Release|Any CPU.ActiveCfg = Release|Any CPU
		{5AA07C99-EC7E-442D-A3EE-B8A373E0C278}.Release|Any CPU.Build.0 = Release|Any CPU
	EndGlobalSection
	GlobalSection(SolutionProperties) = preSolution
		HideSolutionNode = FALSE
	EndGlobalSection
	GlobalSection(NestedProjects) = preSolution
		{4C92B1B9-CE3E-458D-8CBA-359A473E1DBF} = {727F95F9-8FD9-423C-ACC6-B23E0D6CCC4C}
		{700D3F0E-DD70-43CD-9B35-ED12042051D0} = {EC47DFB9-AB39-41F8-BD7C-7B25BBCDEBD1}
		{66C1DB94-69F2-4202-BB49-A112915FD932} = {EC47DFB9-AB39-41F8-BD7C-7B25BBCDEBD1}
		{1F91B9B9-DF56-4F73-B593-B080272B620D} = {727F95F9-8FD9-423C-ACC6-B23E0D6CCC4C}
		{DC727A08-3988-4B71-8362-1F7870B87157} = {727F95F9-8FD9-423C-ACC6-B23E0D6CCC4C}
		{14E1822C-F365-48FF-B265-7D679607872E} = {727F95F9-8FD9-423C-ACC6-B23E0D6CCC4C}
		{68E6BEC6-B0F9-420E-9477-C175CCD54DF7} = {EC47DFB9-AB39-41F8-BD7C-7B25BBCDEBD1}
		{10C4D39D-F384-4E57-8F1A-146DF0D718EF} = {727F95F9-8FD9-423C-ACC6-B23E0D6CCC4C}
		{C603698C-CBD8-4B07-A43C-37F507D925C9} = {58E7557B-D434-402A-9B6B-0DBE59E8DF3B}
		{AB7D1460-4C72-45FA-8939-38C32C905AE8} = {EC47DFB9-AB39-41F8-BD7C-7B25BBCDEBD1}
		{2EB84E99-15FC-4A7E-B42D-E45BB0A8D198} = {727F95F9-8FD9-423C-ACC6-B23E0D6CCC4C}
		{5E042A12-E803-494C-B90C-6DF048AF73BD} = {58E7557B-D434-402A-9B6B-0DBE59E8DF3B}
		{06FA9ED5-00FA-4969-A983-B73B3C5A91CB} = {EC47DFB9-AB39-41F8-BD7C-7B25BBCDEBD1}
		{5AA07C99-EC7E-442D-A3EE-B8A373E0C278} = {727F95F9-8FD9-423C-ACC6-B23E0D6CCC4C}
	EndGlobalSection
	GlobalSection(ExtensibilityGlobals) = postSolution
		SolutionGuid = {BBE581CF-99BB-42AD-A7C8-59FF4B45DB55}
	EndGlobalSection
EndGlobal
